dependencies:
  espressif/mdns:
    component_hash: 3ba256ac95e07c274be53cbd73f06cb846c403b61e8fbdf1be57bdb79db7a63e
    dependencies:
    - name: idf
      require: private
      version: '>=5.0'
    source:
      registry_url: https://components.espressif.com/
      type: service
    version: 1.12.0
  espressif/sock_utils:
    component_hash: b2e5cafc60dfefd05720ababb9fca0dfe2830fb9d71f97e5336de36a84c591c9
    dependencies:
    - name: idf
      require: private
      version: '>=5.0'
    source:
      registry_url: https://components.espressif.com/
      type: service
    version: 0.2.2
  idf:
    source:
      type: idf
    version: 5.3.2
direct_dependencies:
- espressif/mdns
- espressif/sock_utils
manifest_hash: e31af9d4253bfdb09fd34efe1ff8cfbf56526c8d6c693d33b2e65c51ca120d4a
target: esp32c3
version: 2.0.0
